
Microsoft Visual Studio Solution File, Format Version 12.00
# Visual Studio Version 17
VisualStudioVersion = 17.4.33403.182
MinimumVisualStudioVersion = 10.0.40219.1
Project("{FAE04EC0-301F-11D3-BF4B-00C04F79EFBC}") = "gittest", "gittest\gittest.csproj", "{AF5F2FB9-B8A0-44CE-ADD4-8E1DC3981357}"
EndProject
Global
	GlobalSection(SolutionConfigurationPlatforms) = preSolution
		Debug|Any CPU = Debug|Any CPU
		Release|Any CPU = Release|Any CPU
	EndGlobalSection
	GlobalSection(ProjectConfigurationPlatforms) = postSolution
		{AF5F2FB9-B8A0-44CE-ADD4-8E1DC3981357}.Debug|Any CPU.ActiveCfg = Debug|Any CPU
		{AF5F2FB9-B8A0-44CE-ADD4-8E1DC3981357}.Debug|Any CPU.Build.0 = Debug|Any CPU
		{AF5F2FB9-B8A0-44CE-ADD4-8E1DC3981357}.Release|Any CPU.ActiveCfg = Release|Any CPU
		{AF5F2FB9-B8A0-44CE-ADD4-8E1DC3981357}.Release|Any CPU.Build.0 = Release|Any CPU
	EndGlobalSection
	GlobalSection(SolutionProperties) = preSolution
		HideSolutionNode = FALSE
	EndGlobalSection
	GlobalSection(ExtensibilityGlobals) = postSolution
		SolutionGuid = {13891B1D-6D10-4401-A8B5-E682D27E6DAC}
	EndGlobalSection
EndGlobal
